{
  "name": "js",
  "version": "1.0.0",
  "lockfileVersion": 2,
  "requires": true,
  "packages": {
    "": {
      "version": "1.0.0",
      "license": "ISC",
      "dependencies": {
        "@geckos.io/client": "^2.1.0",
        "three": "^0.133.1"
      }
    },
    "node_modules/@geckos.io/client": {
      "version": "2.1.0",
      "resolved": "https://registry.npmjs.org/@geckos.io/client/-/client-2.1.0.tgz",
      "integrity": "sha512-rsaKaGqiy4g7F4nXvKoXcI5YAPtn98g1nw0w1PE2m8wbRramwuIYp9JdPDiasvwvgLgzuCoaeK0NPwxc3gQvcA==",
      "dependencies": {
        "@geckos.io/common": "^2.1.0"
      },
      "engines": {
        "node": "^14.15 || >=16"
      },
      "funding": {
        "url": "https://github.com/sponsors/yandeu"
      }
    },
    "node_modules/@geckos.io/common": {
      "version": "2.1.0",
      "resolved": "https://registry.npmjs.org/@geckos.io/common/-/common-2.1.0.tgz",
      "integrity": "sha512-frIpMozAZdQXpU/uB9TvhR0VG4X757d9cT+uItX1Yfk2h1yCkYx9M1kzixmEZgI+Lg3oF2+4VxBY8FxFp9DBrQ==",
      "dependencies": {
        "@yandeu/events": "0.0.5"
      },
      "funding": {
        "url": "https://github.com/sponsors/yandeu"
      }
    },
    "node_modules/@yandeu/events": {
      "version": "0.0.5",
      "resolved": "https://registry.npmjs.org/@yandeu/events/-/events-0.0.5.tgz",
      "integrity": "sha512-TUkghSGu0ThcEyAP50WHU/vdQkpt9EZyotjZzG8KirR+VI5o7Rp5wabcGru62JNy+awMR8Voy+kFzhNkC/1E6A==",
      "funding": {
        "url": "https://github.com/sponsors/yandeu"
      }
    },
    "node_modules/three": {
      "version": "0.133.1",
      "resolved": "https://registry.npmjs.org/three/-/three-0.133.1.tgz",
      "integrity": "sha512-WydohO8ll949B0FTD6MGz59Yv2Lwj8hvObg/0Heh2r42S6+tQC1WByfCNRdmG4D7+odfGod+n8JPV1I2xrboWw=="
    }
  },
  "dependencies": {
    "@geckos.io/client": {
      "version": "2.1.0",
      "resolved": "https://registry.npmjs.org/@geckos.io/client/-/client-2.1.0.tgz",
      "integrity": "sha512-rsaKaGqiy4g7F4nXvKoXcI5YAPtn98g1nw0w1PE2m8wbRramwuIYp9JdPDiasvwvgLgzuCoaeK0NPwxc3gQvcA==",
      "requires": {
        "@geckos.io/common": "^2.1.0"
      }
    },
    "@geckos.io/common": {
      "version": "2.1.0",
      "resolved": "https://registry.npmjs.org/@geckos.io/common/-/common-2.1.0.tgz",
      "integrity": "sha512-frIpMozAZdQXpU/uB9TvhR0VG4X757d9cT+uItX1Yfk2h1yCkYx9M1kzixmEZgI+Lg3oF2+4VxBY8FxFp9DBrQ==",
      "requires": {
        "@yandeu/events": "0.0.5"
      }
    },
    "@yandeu/events": {
      "version": "0.0.5",
      "resolved": "https://registry.npmjs.org/@yandeu/events/-/events-0.0.5.tgz",
      "integrity": "sha512-TUkghSGu0ThcEyAP50WHU/vdQkpt9EZyotjZzG8KirR+VI5o7Rp5wabcGru62JNy+awMR8Voy+kFzhNkC/1E6A=="
    },
    "three": {
      "version": "0.133.1",
      "resolved": "https://registry.npmjs.org/three/-/three-0.133.1.tgz",
      "integrity": "sha512-WydohO8ll949B0FTD6MGz59Yv2Lwj8hvObg/0Heh2r42S6+tQC1WByfCNRdmG4D7+odfGod+n8JPV1I2xrboWw=="
    }
  }
}
